
Microsoft Visual Studio Solution File, Format Version 12.00
# Visual Studio 15
VisualStudioVersion = 15.0.26730.3
MinimumVisualStudioVersion = 10.0.40219.1
Project("{FAE04EC0-301F-11D3-BF4B-00C04F79EFBC}") = "Cake.Bower", "Cake.Bower\Cake.Bower.csproj", "{786C186A-82E7-451C-BBE0-D6050592A6E2}"
EndProject
Project("{FAE04EC0-301F-11D3-BF4B-00C04F79EFBC}") = "Cake.Bower.Tests", "Cake.Bower.Tests\Cake.Bower.Tests.csproj", "{8B66FAA7-F0F3-48D0-9002-3C4A3C72148E}"
EndProject
Project("{2150E333-8FDC-42A3-9474-1A3956D46DE8}") = "Solution Items", "Solution Items", "{6D856934-9F8C-49E5-B223-A3F1E5DEFEA0}"
	ProjectSection(SolutionItems) = preProject
		..\.gitignore = ..\.gitignore
		..\LICENSE = ..\LICENSE
		..\README.md = ..\README.md
		..\recipe.cake = ..\recipe.cake
		..\SolutionInfo.cs = ..\SolutionInfo.cs
	EndProjectSection
EndProject
Global
	GlobalSection(SolutionConfigurationPlatforms) = preSolution
		Debug|Any CPU = Debug|Any CPU
		Release|Any CPU = Release|Any CPU
	EndGlobalSection
	GlobalSection(ProjectConfigurationPlatforms) = postSolution
		{786C186A-82E7-451C-BBE0-D6050592A6E2}.Debug|Any CPU.ActiveCfg = Debug|Any CPU
		{786C186A-82E7-451C-BBE0-D6050592A6E2}.Debug|Any CPU.Build.0 = Debug|Any CPU
		{786C186A-82E7-451C-BBE0-D6050592A6E2}.Release|Any CPU.ActiveCfg = Release|Any CPU
		{786C186A-82E7-451C-BBE0-D6050592A6E2}.Release|Any CPU.Build.0 = Release|Any CPU
		{8B66FAA7-F0F3-48D0-9002-3C4A3C72148E}.Debug|Any CPU.ActiveCfg = Debug|Any CPU
		{8B66FAA7-F0F3-48D0-9002-3C4A3C72148E}.Debug|Any CPU.Build.0 = Debug|Any CPU
		{8B66FAA7-F0F3-48D0-9002-3C4A3C72148E}.Release|Any CPU.ActiveCfg = Release|Any CPU
		{8B66FAA7-F0F3-48D0-9002-3C4A3C72148E}.Release|Any CPU.Build.0 = Release|Any CPU
	EndGlobalSection
	GlobalSection(SolutionProperties) = preSolution
		HideSolutionNode = FALSE
	EndGlobalSection
	GlobalSection(ExtensibilityGlobals) = postSolution
		SolutionGuid = {EEA38717-53A3-42B4-B6AD-A7F3843E38A9}
	EndGlobalSection
EndGlobal
